
Microsoft Visual Studio Solution File, Format Version 12.00
# Visual Studio Version 17
VisualStudioVersion = 17.13.35931.197 d17.13
MinimumVisualStudioVersion = 10.0.40219.1
Project("{FAE04EC0-301F-11D3-BF4B-00C04F79EFBC}") = "MyPortfolyoEnis", "MyPortfolyoEnis\MyPortfolyoEnis.csproj", "{14CBFC5B-16D3-4711-BD5E-D7F752BABA29}"
EndProject
Global
	GlobalSection(SolutionConfigurationPlatforms) = preSolution
		Debug|Any CPU = Debug|Any CPU
		Release|Any CPU = Release|Any CPU
	EndGlobalSection
	GlobalSection(ProjectConfigurationPlatforms) = postSolution
		{14CBFC5B-16D3-4711-BD5E-D7F752BABA29}.Debug|Any CPU.ActiveCfg = Debug|Any CPU
		{14CBFC5B-16D3-4711-BD5E-D7F752BABA29}.Debug|Any CPU.Build.0 = Debug|Any CPU
		{14CBFC5B-16D3-4711-BD5E-D7F752BABA29}.Release|Any CPU.ActiveCfg = Release|Any CPU
		{14CBFC5B-16D3-4711-BD5E-D7F752BABA29}.Release|Any CPU.Build.0 = Release|Any CPU
	EndGlobalSection
	GlobalSection(SolutionProperties) = preSolution
		HideSolutionNode = FALSE
	EndGlobalSection
	GlobalSection(ExtensibilityGlobals) = postSolution
		SolutionGuid = {0A33068D-57D2-4D5D-8272-A0DD06FA2A5F}
	EndGlobalSection
EndGlobal
